
Microsoft Visual Studio Solution File, Format Version 12.00
# Visual Studio Version 17
VisualStudioVersion = 17.14.36203.30 d17.14
MinimumVisualStudioVersion = 10.0.40219.1
Project("{FAE04EC0-301F-11D3-BF4B-00C04F79EFBC}") = "CSharp_Tutorial_API", "CSharp_Tutorial_API\CSharp_Tutorial_API.csproj", "{73CF1307-C06F-4C18-B144-7BBC542BE655}"
EndProject
Project("{FAE04EC0-301F-11D3-BF4B-00C04F79EFBC}") = "CSharp_Tutorial_Repositories", "CSharp_Tutorial_Repositories\CSharp_Tutorial_Repositories.csproj", "{D907AE84-EBF0-4002-8A69-9506E200FE6F}"
EndProject
Project("{FAE04EC0-301F-11D3-BF4B-00C04F79EFBC}") = "CSharp_Tutorial_Services", "CSharp_Tutorial_Services\CSharp_Tutorial_Services.csproj", "{82477DFE-6A29-4D19-A4A9-36A5E8BC8E09}"
EndProject
Global
	GlobalSection(SolutionConfigurationPlatforms) = preSolution
		Debug|Any CPU = Debug|Any CPU
		Release|Any CPU = Release|Any CPU
	EndGlobalSection
	GlobalSection(ProjectConfigurationPlatforms) = postSolution
		{73CF1307-C06F-4C18-B144-7BBC542BE655}.Debug|Any CPU.ActiveCfg = Debug|Any CPU
		{73CF1307-C06F-4C18-B144-7BBC542BE655}.Debug|Any CPU.Build.0 = Debug|Any CPU
		{73CF1307-C06F-4C18-B144-7BBC542BE655}.Release|Any CPU.ActiveCfg = Release|Any CPU
		{73CF1307-C06F-4C18-B144-7BBC542BE655}.Release|Any CPU.Build.0 = Release|Any CPU
		{D907AE84-EBF0-4002-8A69-9506E200FE6F}.Debug|Any CPU.ActiveCfg = Debug|Any CPU
		{D907AE84-EBF0-4002-8A69-9506E200FE6F}.Debug|Any CPU.Build.0 = Debug|Any CPU
		{D907AE84-EBF0-4002-8A69-9506E200FE6F}.Release|Any CPU.ActiveCfg = Release|Any CPU
		{D907AE84-EBF0-4002-8A69-9506E200FE6F}.Release|Any CPU.Build.0 = Release|Any CPU
		{82477DFE-6A29-4D19-A4A9-36A5E8BC8E09}.Debug|Any CPU.ActiveCfg = Debug|Any CPU
		{82477DFE-6A29-4D19-A4A9-36A5E8BC8E09}.Debug|Any CPU.Build.0 = Debug|Any CPU
		{82477DFE-6A29-4D19-A4A9-36A5E8BC8E09}.Release|Any CPU.ActiveCfg = Release|Any CPU
		{82477DFE-6A29-4D19-A4A9-36A5E8BC8E09}.Release|Any CPU.Build.0 = Release|Any CPU
	EndGlobalSection
	GlobalSection(SolutionProperties) = preSolution
		HideSolutionNode = FALSE
	EndGlobalSection
	GlobalSection(ExtensibilityGlobals) = postSolution
		SolutionGuid = {6503E447-99DB-40A3-92E1-97F3F439C264}
	EndGlobalSection
EndGlobal
